
Microsoft Visual Studio Solution File, Format Version 12.00
# Visual Studio Version 17
VisualStudioVersion = 17.10.34928.147
MinimumVisualStudioVersion = 10.0.40219.1
Project("{2150E333-8FDC-42A3-9474-1A3956D46DE8}") = "Core", "Core", "{21E5E696-49B6-484D-A5C4-98488BCA1CB0}"
EndProject
Project("{2150E333-8FDC-42A3-9474-1A3956D46DE8}") = "Infrastructure", "Infrastructure", "{7F663D84-37A3-4432-B090-67AADAF6D662}"
EndProject
Project("{2150E333-8FDC-42A3-9474-1A3956D46DE8}") = "Presentation", "Presentation", "{48E30DC4-167A-40BA-A8E0-B6BF7F2679A8}"
EndProject
Project("{9A19103F-16F7-4668-BE54-9A1E7A4F7556}") = "ECommerce.Application", "Core\ECommerce.Application\ECommerce.Application.csproj", "{52AB84BA-73FF-4730-A757-A08074EF33F4}"
EndProject
Project("{9A19103F-16F7-4668-BE54-9A1E7A4F7556}") = "Ecommerce.Domain", "Core\Ecommerce.Domain\Ecommerce.Domain.csproj", "{491352B2-12EC-4595-A94F-F656C06EC358}"
EndProject
Project("{9A19103F-16F7-4668-BE54-9A1E7A4F7556}") = "ECommerce.Infrastructure", "Infrastructure\Ecommerce.Infrastructure\ECommerce.Infrastructure.csproj", "{3F9386F7-2C4E-4CA9-88D2-A33FD13983A3}"
EndProject
Project("{FAE04EC0-301F-11D3-BF4B-00C04F79EFBC}") = "ECommerce.Persistence", "Infrastructure\ECommerce.Persistence\ECommerce.Persistence.csproj", "{29154D33-022E-4AF7-B478-C3D42722CB0A}"
EndProject
Project("{FAE04EC0-301F-11D3-BF4B-00C04F79EFBC}") = "ECommerce.Api", "Presentation\ECommerce.Api\ECommerce.Api.csproj", "{81B021A1-1C16-4831-ADA2-8B1A6D2B93A4}"
EndProject
Global
	GlobalSection(SolutionConfigurationPlatforms) = preSolution
		Debug|Any CPU = Debug|Any CPU
		Release|Any CPU = Release|Any CPU
	EndGlobalSection
	GlobalSection(ProjectConfigurationPlatforms) = postSolution
		{52AB84BA-73FF-4730-A757-A08074EF33F4}.Debug|Any CPU.ActiveCfg = Debug|Any CPU
		{52AB84BA-73FF-4730-A757-A08074EF33F4}.Debug|Any CPU.Build.0 = Debug|Any CPU
		{52AB84BA-73FF-4730-A757-A08074EF33F4}.Release|Any CPU.ActiveCfg = Release|Any CPU
		{52AB84BA-73FF-4730-A757-A08074EF33F4}.Release|Any CPU.Build.0 = Release|Any CPU
		{491352B2-12EC-4595-A94F-F656C06EC358}.Debug|Any CPU.ActiveCfg = Debug|Any CPU
		{491352B2-12EC-4595-A94F-F656C06EC358}.Debug|Any CPU.Build.0 = Debug|Any CPU
		{491352B2-12EC-4595-A94F-F656C06EC358}.Release|Any CPU.ActiveCfg = Release|Any CPU
		{491352B2-12EC-4595-A94F-F656C06EC358}.Release|Any CPU.Build.0 = Release|Any CPU
		{3F9386F7-2C4E-4CA9-88D2-A33FD13983A3}.Debug|Any CPU.ActiveCfg = Debug|Any CPU
		{3F9386F7-2C4E-4CA9-88D2-A33FD13983A3}.Debug|Any CPU.Build.0 = Debug|Any CPU
		{3F9386F7-2C4E-4CA9-88D2-A33FD13983A3}.Release|Any CPU.ActiveCfg = Release|Any CPU
		{3F9386F7-2C4E-4CA9-88D2-A33FD13983A3}.Release|Any CPU.Build.0 = Release|Any CPU
		{29154D33-022E-4AF7-B478-C3D42722CB0A}.Debug|Any CPU.ActiveCfg = Debug|Any CPU
		{29154D33-022E-4AF7-B478-C3D42722CB0A}.Debug|Any CPU.Build.0 = Debug|Any CPU
		{29154D33-022E-4AF7-B478-C3D42722CB0A}.Release|Any CPU.ActiveCfg = Release|Any CPU
		{29154D33-022E-4AF7-B478-C3D42722CB0A}.Release|Any CPU.Build.0 = Release|Any CPU
		{81B021A1-1C16-4831-ADA2-8B1A6D2B93A4}.Debug|Any CPU.ActiveCfg = Debug|Any CPU
		{81B021A1-1C16-4831-ADA2-8B1A6D2B93A4}.Debug|Any CPU.Build.0 = Debug|Any CPU
		{81B021A1-1C16-4831-ADA2-8B1A6D2B93A4}.Release|Any CPU.ActiveCfg = Release|Any CPU
		{81B021A1-1C16-4831-ADA2-8B1A6D2B93A4}.Release|Any CPU.Build.0 = Release|Any CPU
	EndGlobalSection
	GlobalSection(SolutionProperties) = preSolution
		HideSolutionNode = FALSE
	EndGlobalSection
	GlobalSection(NestedProjects) = preSolution
		{52AB84BA-73FF-4730-A757-A08074EF33F4} = {21E5E696-49B6-484D-A5C4-98488BCA1CB0}
		{491352B2-12EC-4595-A94F-F656C06EC358} = {21E5E696-49B6-484D-A5C4-98488BCA1CB0}
		{3F9386F7-2C4E-4CA9-88D2-A33FD13983A3} = {7F663D84-37A3-4432-B090-67AADAF6D662}
		{29154D33-022E-4AF7-B478-C3D42722CB0A} = {7F663D84-37A3-4432-B090-67AADAF6D662}
		{81B021A1-1C16-4831-ADA2-8B1A6D2B93A4} = {48E30DC4-167A-40BA-A8E0-B6BF7F2679A8}
	EndGlobalSection
	GlobalSection(ExtensibilityGlobals) = postSolution
		SolutionGuid = {930E1D2F-F40B-43F3-AA3C-CE76EC083DD6}
	EndGlobalSection
EndGlobal
